// !$*UTF8*$!
{
	archiveVersion = 1;
	classes = {
	};
	objectVersion = 46;
	objects = {

/* Begin PBXBuildFile section */
		4800F4DF1B6BA3BB009D801A /* AppDelegate.m in Sources */ = {isa = PBXBuildFile; fileRef = 4800F4DE1B6BA3BB009D801A /* AppDelegate.m */; };
		4800F4E21B6BA3BB009D801A /* main.m in Sources */ = {isa = PBXBuildFile; fileRef = 4800F4E11B6BA3BB009D801A /* main.m */; };
		4800F4E51B6BA3BB009D801A /* ViewController.m in Sources */ = {isa = PBXBuildFile; fileRef = 4800F4E41B6BA3BB009D801A /* ViewController.m */; };
		4800F4E71B6BA3BB009D801A /* Assets.xcassets in Resources */ = {isa = PBXBuildFile; fileRef = 4800F4E61B6BA3BB009D801A /* Assets.xcassets */; };
		4800F4EA1B6BA3BB009D801A /* Main.storyboard in Resources */ = {isa = PBXBuildFile; fileRef = 4800F4E81B6BA3BB009D801A /* Main.storyboard */; };
		4800F4F51B6BA3BB009D801A /* GLGameEngine_MacTests.m in Sources */ = {isa = PBXBuildFile; fileRef = 4800F4F41B6BA3BB009D801A /* GLGameEngine_MacTests.m */; };
		4800F4FF1B6BA9EF009D801A /* GameView.m in Sources */ = {isa = PBXBuildFile; fileRef = 4800F4FE1B6BA9EF009D801A /* GameView.m */; };
		4816CECF1BC564E800F35C2E /* TerrainVertexShader.vsh in Resources */ = {isa = PBXBuildFile; fileRef = 4816CECE1BC564E800F35C2E /* TerrainVertexShader.vsh */; };
		4816CED01BC564E800F35C2E /* TerrainVertexShader.vsh in Resources */ = {isa = PBXBuildFile; fileRef = 4816CECE1BC564E800F35C2E /* TerrainVertexShader.vsh */; };
		4816CED11BC564E800F35C2E /* TerrainVertexShader.vsh in Resources */ = {isa = PBXBuildFile; fileRef = 4816CECE1BC564E800F35C2E /* TerrainVertexShader.vsh */; };
		4816CED31BC5650A00F35C2E /* TerrainFragmentShader.fsh in Resources */ = {isa = PBXBuildFile; fileRef = 4816CED21BC5650A00F35C2E /* TerrainFragmentShader.fsh */; };
		4816CED41BC5650A00F35C2E /* TerrainFragmentShader.fsh in Resources */ = {isa = PBXBuildFile; fileRef = 4816CED21BC5650A00F35C2E /* TerrainFragmentShader.fsh */; };
		4816CED51BC5650A00F35C2E /* TerrainFragmentShader.fsh in Resources */ = {isa = PBXBuildFile; fileRef = 4816CED21BC5650A00F35C2E /* TerrainFragmentShader.fsh */; };
		4816CED81BC5655800F35C2E /* TerrainShader.m in Sources */ = {isa = PBXBuildFile; fileRef = 4816CED71BC5655800F35C2E /* TerrainShader.m */; };
		4816CED91BC5655800F35C2E /* TerrainShader.m in Sources */ = {isa = PBXBuildFile; fileRef = 4816CED71BC5655800F35C2E /* TerrainShader.m */; };
		4816CEDA1BC5655800F35C2E /* TerrainShader.m in Sources */ = {isa = PBXBuildFile; fileRef = 4816CED71BC5655800F35C2E /* TerrainShader.m */; };
		4816CEDD1BC5663800F35C2E /* TerrainRenderer.m in Sources */ = {isa = PBXBuildFile; fileRef = 4816CEDC1BC5663800F35C2E /* TerrainRenderer.m */; };
		4816CEDE1BC5663800F35C2E /* TerrainRenderer.m in Sources */ = {isa = PBXBuildFile; fileRef = 4816CEDC1BC5663800F35C2E /* TerrainRenderer.m */; };
		4816CEDF1BC5663800F35C2E /* TerrainRenderer.m in Sources */ = {isa = PBXBuildFile; fileRef = 4816CEDC1BC5663800F35C2E /* TerrainRenderer.m */; };
		4816CEE11BC56D1900F35C2E /* grass.jpg in Resources */ = {isa = PBXBuildFile; fileRef = 4816CEE01BC56D1900F35C2E /* grass.jpg */; };
		4816CEE21BC56D1900F35C2E /* grass.jpg in Resources */ = {isa = PBXBuildFile; fileRef = 4816CEE01BC56D1900F35C2E /* grass.jpg */; };
		4816CEE31BC56D1900F35C2E /* grass.jpg in Resources */ = {isa = PBXBuildFile; fileRef = 4816CEE01BC56D1900F35C2E /* grass.jpg */; };
		4828F8F21B87BF45006D93CD /* MasterRenderer.m in Sources */ = {isa = PBXBuildFile; fileRef = 4828F8F11B87BF45006D93CD /* MasterRenderer.m */; };
		4828F8F31B87BF45006D93CD /* MasterRenderer.m in Sources */ = {isa = PBXBuildFile; fileRef = 4828F8F11B87BF45006D93CD /* MasterRenderer.m */; };
		483D4F0D1BC53FA800587983 /* Terrain.mm in Sources */ = {isa = PBXBuildFile; fileRef = 483D4F0C1BC53FA800587983 /* Terrain.mm */; };
		4888EAD61BDFBC02006EF15E /* blendMap.png in Resources */ = {isa = PBXBuildFile; fileRef = 4888EAD31BDFBC02006EF15E /* blendMap.png */; };
		4888EAD71BDFBC02006EF15E /* mud.png in Resources */ = {isa = PBXBuildFile; fileRef = 4888EAD41BDFBC02006EF15E /* mud.png */; };
		4888EAD81BDFBC02006EF15E /* path.png in Resources */ = {isa = PBXBuildFile; fileRef = 4888EAD51BDFBC02006EF15E /* path.png */; };
		4888EADB1BDFC74B006EF15E /* TerrainTexture.m in Sources */ = {isa = PBXBuildFile; fileRef = 4888EADA1BDFC74B006EF15E /* TerrainTexture.m */; };
		4888EADE1BDFC7F0006EF15E /* TerrainTexturePackage.m in Sources */ = {isa = PBXBuildFile; fileRef = 4888EADD1BDFC7F0006EF15E /* TerrainTexturePackage.m */; };
		4888EAE01BDFD0DB006EF15E /* grassFlowers.png in Resources */ = {isa = PBXBuildFile; fileRef = 4888EADF1BDFD0DB006EF15E /* grassFlowers.png */; };
		4888EAE41BE01E9A006EF15E /* asphalt.jpg in Resources */ = {isa = PBXBuildFile; fileRef = 4888EAE31BE01E9A006EF15E /* asphalt.jpg */; };
		4888EAE71BE01FAB006EF15E /* pine.obj in Resources */ = {isa = PBXBuildFile; fileRef = 4888EAE51BE01FAB006EF15E /* pine.obj */; };
		4888EAE81BE01FAB006EF15E /* pine.png in Resources */ = {isa = PBXBuildFile; fileRef = 4888EAE61BE01FAB006EF15E /* pine.png */; };
		4889F24F1BC42AAB0097A28F /* cube.obj in Resources */ = {isa = PBXBuildFile; fileRef = 4889F24E1BC42AAB0097A28F /* cube.obj */; };
		4889F2501BC42AAB0097A28F /* cube.obj in Resources */ = {isa = PBXBuildFile; fileRef = 4889F24E1BC42AAB0097A28F /* cube.obj */; };
		4898DAAE1BDCDBC4007D2695 /* Farmhouse.obj in Resources */ = {isa = PBXBuildFile; fileRef = 4898DAAD1BDCDBC4007D2695 /* Farmhouse.obj */; };
		4898DAB21BDCE852007D2695 /* wagen.obj in Resources */ = {isa = PBXBuildFile; fileRef = 4898DAB01BDCE852007D2695 /* wagen.obj */; };
		4898DAB31BDCE852007D2695 /* wagen.jpg in Resources */ = {isa = PBXBuildFile; fileRef = 4898DAB11BDCE852007D2695 /* wagen.jpg */; };
		4898DAB71BDD08C2007D2695 /* tree.obj in Resources */ = {isa = PBXBuildFile; fileRef = 4898DAB51BDD08C2007D2695 /* tree.obj */; };
		4898DABB1BDD0B75007D2695 /* lowPolyTree.obj in Resources */ = {isa = PBXBuildFile; fileRef = 4898DAB91BDD0B75007D2695 /* lowPolyTree.obj */; };
		4898DABC1BDD0B75007D2695 /* lowPolyTree.png in Resources */ = {isa = PBXBuildFile; fileRef = 4898DABA1BDD0B75007D2695 /* lowPolyTree.png */; };
		4898DAC31BDD0FA3007D2695 /* tree.png in Resources */ = {isa = PBXBuildFile; fileRef = 4898DAC21BDD0FA3007D2695 /* tree.png */; };
		4898DAC51BDD11CA007D2695 /* grassTexture.png in Resources */ = {isa = PBXBuildFile; fileRef = 4898DAC41BDD11CA007D2695 /* grassTexture.png */; };
		4898DAC71BDD3A4E007D2695 /* grassModel.obj in Resources */ = {isa = PBXBuildFile; fileRef = 4898DAC61BDD3A4E007D2695 /* grassModel.obj */; };
		4898DAC91BDD3A9D007D2695 /* flower.png in Resources */ = {isa = PBXBuildFile; fileRef = 4898DAC81BDD3A9D007D2695 /* flower.png */; };
		4898DACD1BDD3E94007D2695 /* fern.obj in Resources */ = {isa = PBXBuildFile; fileRef = 4898DACB1BDD3E94007D2695 /* fern.obj */; };
		4898DACE1BDD3E94007D2695 /* fern.png in Resources */ = {isa = PBXBuildFile; fileRef = 4898DACC1BDD3E94007D2695 /* fern.png */; };
		48B856C91B8B9BD500336A43 /* GLKView+aspect.m in Sources */ = {isa = PBXBuildFile; fileRef = 48B856C81B8B9BD500336A43 /* GLKView+aspect.m */; };
		48DB0F121BDC1EC4003C52DC /* Rock.jpg in Resources */ = {isa = PBXBuildFile; fileRef = 48DB0F0F1BDC1EC4003C52DC /* Rock.jpg */; };
		48DB0F131BDC1EC4003C52DC /* Rock.mtl in Resources */ = {isa = PBXBuildFile; fileRef = 48DB0F101BDC1EC4003C52DC /* Rock.mtl */; };
		48DB0F141BDC1EC4003C52DC /* Rock.obj in Resources */ = {isa = PBXBuildFile; fileRef = 48DB0F111BDC1EC4003C52DC /* Rock.obj */; };
		48DB0F1C1BDC208F003C52DC /* Farmhouse Texture Bump Map .jpg in Resources */ = {isa = PBXBuildFile; fileRef = 48DB0F181BDC208F003C52DC /* Farmhouse Texture Bump Map .jpg */; };
		48DB0F1D1BDC208F003C52DC /* Farmhouse.jpg in Resources */ = {isa = PBXBuildFile; fileRef = 48DB0F191BDC208F003C52DC /* Farmhouse.jpg */; };
		48F688331BE3BDEA00F9A868 /* grass2.obj in Resources */ = {isa = PBXBuildFile; fileRef = 48F688321BE3BDEA00F9A868 /* grass2.obj */; };
		48F688371BE3F9F000F9A868 /* heightmap.png in Resources */ = {isa = PBXBuildFile; fileRef = 48F688361BE3F9EF00F9A868 /* heightmap.png */; };
		48F6883A1BE40CD800F9A868 /* heightmap_high.jpg in Resources */ = {isa = PBXBuildFile; fileRef = 48F688381BE40CD800F9A868 /* heightmap_high.jpg */; };
		48F6883B1BE40CD800F9A868 /* heightmap_low.png in Resources */ = {isa = PBXBuildFile; fileRef = 48F688391BE40CD800F9A868 /* heightmap_low.png */; };
		48F6883D1BE41D5A00F9A868 /* fernAtlas.png in Resources */ = {isa = PBXBuildFile; fileRef = 48F6883C1BE41D5A00F9A868 /* fernAtlas.png */; };
		802639391B0E34D3009B42D6 /* main.m in Sources */ = {isa = PBXBuildFile; fileRef = 802639381B0E34D3009B42D6 /* main.m */; };
		8026393C1B0E34D3009B42D6 /* AppDelegate.m in Sources */ = {isa = PBXBuildFile; fileRef = 8026393B1B0E34D3009B42D6 /* AppDelegate.m */; };
		8026393F1B0E34D3009B42D6 /* ViewController.m in Sources */ = {isa = PBXBuildFile; fileRef = 8026393E1B0E34D3009B42D6 /* ViewController.m */; };
		802639421B0E34D3009B42D6 /* Main.storyboard in Resources */ = {isa = PBXBuildFile; fileRef = 802639401B0E34D3009B42D6 /* Main.storyboard */; };
		802639441B0E34D3009B42D6 /* Images.xcassets in Resources */ = {isa = PBXBuildFile; fileRef = 802639431B0E34D3009B42D6 /* Images.xcassets */; };
		802639471B0E34D3009B42D6 /* LaunchScreen.xib in Resources */ = {isa = PBXBuildFile; fileRef = 802639451B0E34D3009B42D6 /* LaunchScreen.xib */; };
		802639531B0E34D3009B42D6 /* GLGameEngineTests.m in Sources */ = {isa = PBXBuildFile; fileRef = 802639521B0E34D3009B42D6 /* GLGameEngineTests.m */; };
		8026395F1B0E34F9009B42D6 /* GLKit.framework in Frameworks */ = {isa = PBXBuildFile; fileRef = 8026395D1B0E34F9009B42D6 /* GLKit.framework */; };
		802639601B0E34F9009B42D6 /* OpenGLES.framework in Frameworks */ = {isa = PBXBuildFile; fileRef = 8026395E1B0E34F9009B42D6 /* OpenGLES.framework */; };
		802639641B0E5279009B42D6 /* RawModel.m in Sources */ = {isa = PBXBuildFile; fileRef = 802639631B0E5279009B42D6 /* RawModel.m */; };
		802639671B0E535C009B42D6 /* Loader.mm in Sources */ = {isa = PBXBuildFile; fileRef = 802639661B0E535C009B42D6 /* Loader.mm */; };
		8026396A1B0E5F5C009B42D6 /* EntityRenderer.m in Sources */ = {isa = PBXBuildFile; fileRef = 802639691B0E5F5C009B42D6 /* EntityRenderer.m */; };
		8026396D1B0E66FC009B42D6 /* FragmentShader.fsh in Resources */ = {isa = PBXBuildFile; fileRef = 8026396C1B0E66FC009B42D6 /* FragmentShader.fsh */; };
		8026396F1B0E670D009B42D6 /* VertexShader.vsh in Resources */ = {isa = PBXBuildFile; fileRef = 8026396E1B0E670D009B42D6 /* VertexShader.vsh */; };
		802639721B0E7069009B42D6 /* ShaderProgram.m in Sources */ = {isa = PBXBuildFile; fileRef = 802639711B0E7069009B42D6 /* ShaderProgram.m */; };
		802639751B0E77B4009B42D6 /* StaticShaderProgram.m in Sources */ = {isa = PBXBuildFile; fileRef = 802639741B0E77B4009B42D6 /* StaticShaderProgram.m */; };
		806778E71B18D2930082AF0B /* Buffer.mm in Sources */ = {isa = PBXBuildFile; fileRef = 806778E61B18D2930082AF0B /* Buffer.mm */; };
		806778EB1B18ED7E0082AF0B /* ModelTexture.m in Sources */ = {isa = PBXBuildFile; fileRef = 806778EA1B18ED7E0082AF0B /* ModelTexture.m */; };
		806778EF1B18EE1D0082AF0B /* TexturedModel.m in Sources */ = {isa = PBXBuildFile; fileRef = 806778EE1B18EE1D0082AF0B /* TexturedModel.m */; };
		80B72DA21B33328700394A80 /* OBJLoader2.mm in Sources */ = {isa = PBXBuildFile; fileRef = 80B72DA11B33328700394A80 /* OBJLoader2.mm */; };
		80E38B7D1B1B819A006D7B30 /* dragon.obj in Resources */ = {isa = PBXBuildFile; fileRef = 80E38B7C1B1B819A006D7B30 /* dragon.obj */; };
		80E38B7F1B1B9893006D7B30 /* white.png in Resources */ = {isa = PBXBuildFile; fileRef = 80E38B7E1B1B9893006D7B30 /* white.png */; };
		80FFE41C1B19EBAD008DE7DB /* MathUtils.m in Sources */ = {isa = PBXBuildFile; fileRef = 80FFE41A1B19EBAD008DE7DB /* MathUtils.m */; };
		80FFE4201B19EF82008DE7DB /* Entity.m in Sources */ = {isa = PBXBuildFile; fileRef = 80FFE41F1B19EF82008DE7DB /* Entity.m */; };
		80FFE4231B1A1361008DE7DB /* Camera.m in Sources */ = {isa = PBXBuildFile; fileRef = 80FFE4221B1A1361008DE7DB /* Camera.m */; };
		80FFE4261B1A2BFA008DE7DB /* OBJLoader.mm in Sources */ = {isa = PBXBuildFile; fileRef = 80FFE4251B1A2BFA008DE7DB /* OBJLoader.mm */; };
		80FFE4291B1A2C0B008DE7DB /* stall.obj in Resources */ = {isa = PBXBuildFile; fileRef = 80FFE4271B1A2C0B008DE7DB /* stall.obj */; };
		80FFE42A1B1A2C0B008DE7DB /* stallTexture.png in Resources */ = {isa = PBXBuildFile; fileRef = 80FFE4281B1A2C0B008DE7DB /* stallTexture.png */; };
		80FFE42D1B1A615E008DE7DB /* Light.m in Sources */ = {isa = PBXBuildFile; fileRef = 80FFE42C1B1A615E008DE7DB /* Light.m */; };
/* End PBXBuildFile section */

/* Begin PBXContainerItemProxy section */
		4800F4F11B6BA3BB009D801A /* PBXContainerItemProxy */ = {
			isa = PBXContainerItemProxy;
			containerPortal = 8026392B1B0E34D2009B42D6 /* Project object */;
			proxyType = 1;
			remoteGlobalIDString = 4800F4DA1B6BA3BB009D801A;
			remoteInfo = "GLGameEngine Mac";
		};
		8026394D1B0E34D3009B42D6 /* PBXContainerItemProxy */ = {
			isa = PBXContainerItemProxy;
			containerPortal = 8026392B1B0E34D2009B42D6 /* Project object */;
			proxyType = 1;
			remoteGlobalIDString = 802639321B0E34D2009B42D6;
			remoteInfo = GLGameEngine;
		};
/* End PBXContainerItemProxy section */

/* Begin PBXFileReference section */
		4800F4DB1B6BA3BB009D801A /* GLGameEngine Mac.app */ = {isa = PBXFileReference; explicitFileType = wrapper.application; includeInIndex = 0; path = "GLGameEngine Mac.app"; sourceTree = BUILT_PRODUCTS_DIR; };
		4800F4DD1B6BA3BB009D801A /* AppDelegate.h */ = {isa = PBXFileReference; lastKnownFileType = sourcecode.c.h; path = AppDelegate.h; sourceTree = "<group>"; };
		4800F4DE1B6BA3BB009D801A /* AppDelegate.m */ = {isa = PBXFileReference; lastKnownFileType = sourcecode.c.objc; path = AppDelegate.m; sourceTree = "<group>"; };
		4800F4E11B6BA3BB009D801A /* main.m */ = {isa = PBXFileReference; lastKnownFileType = sourcecode.c.objc; path = main.m; sourceTree = "<group>"; };
		4800F4E31B6BA3BB009D801A /* ViewController.h */ = {isa = PBXFileReference; lastKnownFileType = sourcecode.c.h; path = ViewController.h; sourceTree = "<group>"; };
		4800F4E41B6BA3BB009D801A /* ViewController.m */ = {isa = PBXFileReference; lastKnownFileType = sourcecode.c.objc; path = ViewController.m; sourceTree = "<group>"; };
		4800F4E61B6BA3BB009D801A /* Assets.xcassets */ = {isa = PBXFileReference; lastKnownFileType = folder.assetcatalog; path = Assets.xcassets; sourceTree = "<group>"; };
		4800F4E91B6BA3BB009D801A /* Base */ = {isa = PBXFileReference; lastKnownFileType = file.storyboard; name = Base; path = Base.lproj/Main.storyboard; sourceTree = "<group>"; };
		4800F4EB1B6BA3BB009D801A /* Info.plist */ = {isa = PBXFileReference; lastKnownFileType = text.plist.xml; path = Info.plist; sourceTree = "<group>"; };
		4800F4F01B6BA3BB009D801A /* GLGameEngine MacTests.xctest */ = {isa = PBXFileReference; explicitFileType = wrapper.cfbundle; includeInIndex = 0; path = "GLGameEngine MacTests.xctest"; sourceTree = BUILT_PRODUCTS_DIR; };
		4800F4F41B6BA3BB009D801A /* GLGameEngine_MacTests.m */ = {isa = PBXFileReference; lastKnownFileType = sourcecode.c.objc; path = GLGameEngine_MacTests.m; sourceTree = "<group>"; };
		4800F4F61B6BA3BB009D801A /* Info.plist */ = {isa = PBXFileReference; lastKnownFileType = text.plist.xml; path = Info.plist; sourceTree = "<group>"; };
		4800F4FD1B6BA9EF009D801A /* GameView.h */ = {isa = PBXFileReference; fileEncoding = 4; lastKnownFileType = sourcecode.c.h; path = GameView.h; sourceTree = "<group>"; };
		4800F4FE1B6BA9EF009D801A /* GameView.m */ = {isa = PBXFileReference; fileEncoding = 4; lastKnownFileType = sourcecode.c.objc; path = GameView.m; sourceTree = "<group>"; };
		4816CECE1BC564E800F35C2E /* TerrainVertexShader.vsh */ = {isa = PBXFileReference; fileEncoding = 4; lastKnownFileType = sourcecode.glsl; path = TerrainVertexShader.vsh; sourceTree = "<group>"; };
		4816CED21BC5650A00F35C2E /* TerrainFragmentShader.fsh */ = {isa = PBXFileReference; fileEncoding = 4; lastKnownFileType = sourcecode.glsl; path = TerrainFragmentShader.fsh; sourceTree = "<group>"; };
		4816CED61BC5655800F35C2E /* TerrainShader.h */ = {isa = PBXFileReference; fileEncoding = 4; lastKnownFileType = sourcecode.c.h; path = TerrainShader.h; sourceTree = "<group>"; };
		4816CED71BC5655800F35C2E /* TerrainShader.m */ = {isa = PBXFileReference; fileEncoding = 4; lastKnownFileType = sourcecode.c.objc; path = TerrainShader.m; sourceTree = "<group>"; };
		4816CEDB1BC5663800F35C2E /* TerrainRenderer.h */ = {isa = PBXFileReference; fileEncoding = 4; lastKnownFileType = sourcecode.c.h; path = TerrainRenderer.h; sourceTree = "<group>"; };
		4816CEDC1BC5663800F35C2E /* TerrainRenderer.m */ = {isa = PBXFileReference; fileEncoding = 4; lastKnownFileType = sourcecode.c.objc; path = TerrainRenderer.m; sourceTree = "<group>"; };
		4816CEE01BC56D1900F35C2E /* grass.jpg */ = {isa = PBXFileReference; lastKnownFileType = image.jpeg; path = grass.jpg; sourceTree = "<group>"; };
		4828F8F01B87BF45006D93CD /* MasterRenderer.h */ = {isa = PBXFileReference; fileEncoding = 4; lastKnownFileType = sourcecode.c.h; path = MasterRenderer.h; sourceTree = "<group>"; };
		4828F8F11B87BF45006D93CD /* MasterRenderer.m */ = {isa = PBXFileReference; fileEncoding = 4; lastKnownFileType = sourcecode.c.objc; path = MasterRenderer.m; sourceTree = "<group>"; };
		483D4F0B1BC53FA800587983 /* Terrain.h */ = {isa = PBXFileReference; fileEncoding = 4; lastKnownFileType = sourcecode.c.h; path = Terrain.h; sourceTree = "<group>"; };
		483D4F0C1BC53FA800587983 /* Terrain.mm */ = {isa = PBXFileReference; fileEncoding = 4; lastKnownFileType = sourcecode.cpp.objcpp; path = Terrain.mm; sourceTree = "<group>"; };
		4888EAD31BDFBC02006EF15E /* blendMap.png */ = {isa = PBXFileReference; lastKnownFileType = image.png; path = blendMap.png; sourceTree = "<group>"; };
		4888EAD41BDFBC02006EF15E /* mud.png */ = {isa = PBXFileReference; lastKnownFileType = image.png; path = mud.png; sourceTree = "<group>"; };
		4888EAD51BDFBC02006EF15E /* path.png */ = {isa = PBXFileReference; lastKnownFileType = image.png; path = path.png; sourceTree = "<group>"; };
		4888EAD91BDFC74B006EF15E /* TerrainTexture.h */ = {isa = PBXFileReference; fileEncoding = 4; lastKnownFileType = sourcecode.c.h; path = TerrainTexture.h; sourceTree = "<group>"; };
		4888EADA1BDFC74B006EF15E /* TerrainTexture.m */ = {isa = PBXFileReference; fileEncoding = 4; lastKnownFileType = sourcecode.c.objc; path = TerrainTexture.m; sourceTree = "<group>"; };
		4888EADC1BDFC7F0006EF15E /* TerrainTexturePackage.h */ = {isa = PBXFileReference; fileEncoding = 4; lastKnownFileType = sourcecode.c.h; path = TerrainTexturePackage.h; sourceTree = "<group>"; };
		4888EADD1BDFC7F0006EF15E /* TerrainTexturePackage.m */ = {isa = PBXFileReference; fileEncoding = 4; lastKnownFileType = sourcecode.c.objc; path = TerrainTexturePackage.m; sourceTree = "<group>"; };
		4888EADF1BDFD0DB006EF15E /* grassFlowers.png */ = {isa = PBXFileReference; lastKnownFileType = image.png; path = grassFlowers.png; sourceTree = "<group>"; };
		4888EAE31BE01E9A006EF15E /* asphalt.jpg */ = {isa = PBXFileReference; lastKnownFileType = image.jpeg; path = asphalt.jpg; sourceTree = "<group>"; };
		4888EAE51BE01FAB006EF15E /* pine.obj */ = {isa = PBXFileReference; fileEncoding = 4; lastKnownFileType = text; path = pine.obj; sourceTree = "<group>"; };
		4888EAE61BE01FAB006EF15E /* pine.png */ = {isa = PBXFileReference; lastKnownFileType = image.png; path = pine.png; sourceTree = "<group>"; };
		4889F24E1BC42AAB0097A28F /* cube.obj */ = {isa = PBXFileReference; fileEncoding = 4; lastKnownFileType = text; path = cube.obj; sourceTree = "<group>"; };
		4898DAAD1BDCDBC4007D2695 /* Farmhouse.obj */ = {isa = PBXFileReference; fileEncoding = 4; lastKnownFileType = text; path = Farmhouse.obj; sourceTree = "<group>"; };
		4898DAB01BDCE852007D2695 /* wagen.obj */ = {isa = PBXFileReference; fileEncoding = 4; lastKnownFileType = text; path = wagen.obj; sourceTree = "<group>"; };
		4898DAB11BDCE852007D2695 /* wagen.jpg */ = {isa = PBXFileReference; lastKnownFileType = image.jpeg; path = wagen.jpg; sourceTree = "<group>"; };
		4898DAB51BDD08C2007D2695 /* tree.obj */ = {isa = PBXFileReference; fileEncoding = 4; lastKnownFileType = text; path = tree.obj; sourceTree = "<group>"; };
		4898DAB91BDD0B75007D2695 /* lowPolyTree.obj */ = {isa = PBXFileReference; fileEncoding = 4; lastKnownFileType = text; path = lowPolyTree.obj; sourceTree = "<group>"; };
		4898DABA1BDD0B75007D2695 /* lowPolyTree.png */ = {isa = PBXFileReference; lastKnownFileType = image.png; path = lowPolyTree.png; sourceTree = "<group>"; };
		4898DAC21BDD0FA3007D2695 /* tree.png */ = {isa = PBXFileReference; lastKnownFileType = image.png; path = tree.png; sourceTree = "<group>"; };
		4898DAC41BDD11CA007D2695 /* grassTexture.png */ = {isa = PBXFileReference; lastKnownFileType = image.png; path = grassTexture.png; sourceTree = "<group>"; };
		4898DAC61BDD3A4E007D2695 /* grassModel.obj */ = {isa = PBXFileReference; fileEncoding = 4; lastKnownFileType = text; path = grassModel.obj; sourceTree = "<group>"; };
		4898DAC81BDD3A9D007D2695 /* flower.png */ = {isa = PBXFileReference; lastKnownFileType = image.png; path = flower.png; sourceTree = "<group>"; };
		4898DACB1BDD3E94007D2695 /* fern.obj */ = {isa = PBXFileReference; fileEncoding = 4; lastKnownFileType = text; path = fern.obj; sourceTree = "<group>"; };
		4898DACC1BDD3E94007D2695 /* fern.png */ = {isa = PBXFileReference; lastKnownFileType = image.png; path = fern.png; sourceTree = "<group>"; };
		48B856C71B8B9BD500336A43 /* GLKView+aspect.h */ = {isa = PBXFileReference; fileEncoding = 4; lastKnownFileType = sourcecode.c.h; path = "GLKView+aspect.h"; sourceTree = "<group>"; };
		48B856C81B8B9BD500336A43 /* GLKView+aspect.m */ = {isa = PBXFileReference; fileEncoding = 4; lastKnownFileType = sourcecode.c.objc; path = "GLKView+aspect.m"; sourceTree = "<group>"; };
		48DB0F0F1BDC1EC4003C52DC /* Rock.jpg */ = {isa = PBXFileReference; lastKnownFileType = image.jpeg; path = Rock.jpg; sourceTree = "<group>"; };
		48DB0F101BDC1EC4003C52DC /* Rock.mtl */ = {isa = PBXFileReference; fileEncoding = 4; lastKnownFileType = text; path = Rock.mtl; sourceTree = "<group>"; };
		48DB0F111BDC1EC4003C52DC /* Rock.obj */ = {isa = PBXFileReference; fileEncoding = 4; lastKnownFileType = text; path = Rock.obj; sourceTree = "<group>"; };
		48DB0F181BDC208F003C52DC /* Farmhouse Texture Bump Map .jpg */ = {isa = PBXFileReference; lastKnownFileType = image.jpeg; path = "Farmhouse Texture Bump Map .jpg"; sourceTree = "<group>"; };
		48DB0F191BDC208F003C52DC /* Farmhouse.jpg */ = {isa = PBXFileReference; lastKnownFileType = image.jpeg; path = Farmhouse.jpg; sourceTree = "<group>"; };
		48F688321BE3BDEA00F9A868 /* grass2.obj */ = {isa = PBXFileReference; fileEncoding = 4; lastKnownFileType = text; path = grass2.obj; sourceTree = "<group>"; };
		48F688361BE3F9EF00F9A868 /* heightmap.png */ = {isa = PBXFileReference; lastKnownFileType = image.png; path = heightmap.png; sourceTree = "<group>"; };
		48F688381BE40CD800F9A868 /* heightmap_high.jpg */ = {isa = PBXFileReference; lastKnownFileType = image.jpeg; path = heightmap_high.jpg; sourceTree = "<group>"; };
		48F688391BE40CD800F9A868 /* heightmap_low.png */ = {isa = PBXFileReference; lastKnownFileType = image.png; path = heightmap_low.png; sourceTree = "<group>"; };
		48F6883C1BE41D5A00F9A868 /* fernAtlas.png */ = {isa = PBXFileReference; lastKnownFileType = image.png; path = fernAtlas.png; sourceTree = "<group>"; };
		802639331B0E34D3009B42D6 /* GLGameEngine.app */ = {isa = PBXFileReference; explicitFileType = wrapper.application; includeInIndex = 0; path = GLGameEngine.app; sourceTree = BUILT_PRODUCTS_DIR; };
		802639371B0E34D3009B42D6 /* Info.plist */ = {isa = PBXFileReference; lastKnownFileType = text.plist.xml; path = Info.plist; sourceTree = "<group>"; };
		802639381B0E34D3009B42D6 /* main.m */ = {isa = PBXFileReference; lastKnownFileType = sourcecode.c.objc; path = main.m; sourceTree = "<group>"; };
		8026393A1B0E34D3009B42D6 /* AppDelegate.h */ = {isa = PBXFileReference; lastKnownFileType = sourcecode.c.h; path = AppDelegate.h; sourceTree = "<group>"; };
		8026393B1B0E34D3009B42D6 /* AppDelegate.m */ = {isa = PBXFileReference; lastKnownFileType = sourcecode.c.objc; path = AppDelegate.m; sourceTree = "<group>"; };
		8026393D1B0E34D3009B42D6 /* ViewController.h */ = {isa = PBXFileReference; lastKnownFileType = sourcecode.c.h; path = ViewController.h; sourceTree = "<group>"; };
		8026393E1B0E34D3009B42D6 /* ViewController.m */ = {isa = PBXFileReference; lastKnownFileType = sourcecode.c.objc; path = ViewController.m; sourceTree = "<group>"; };
		802639411B0E34D3009B42D6 /* Base */ = {isa = PBXFileReference; lastKnownFileType = file.storyboard; name = Base; path = Base.lproj/Main.storyboard; sourceTree = "<group>"; };
		802639431B0E34D3009B42D6 /* Images.xcassets */ = {isa = PBXFileReference; lastKnownFileType = folder.assetcatalog; path = Images.xcassets; sourceTree = "<group>"; };
		802639461B0E34D3009B42D6 /* Base */ = {isa = PBXFileReference; lastKnownFileType = file.xib; name = Base; path = Base.lproj/LaunchScreen.xib; sourceTree = "<group>"; };
		8026394C1B0E34D3009B42D6 /* GLGameEngineTests.xctest */ = {isa = PBXFileReference; explicitFileType = wrapper.cfbundle; includeInIndex = 0; path = GLGameEngineTests.xctest; sourceTree = BUILT_PRODUCTS_DIR; };
		802639511B0E34D3009B42D6 /* Info.plist */ = {isa = PBXFileReference; lastKnownFileType = text.plist.xml; path = Info.plist; sourceTree = "<group>"; };
		802639521B0E34D3009B42D6 /* GLGameEngineTests.m */ = {isa = PBXFileReference; lastKnownFileType = sourcecode.c.objc; path = GLGameEngineTests.m; sourceTree = "<group>"; };
		8026395D1B0E34F9009B42D6 /* GLKit.framework */ = {isa = PBXFileReference; lastKnownFileType = wrapper.framework; name = GLKit.framework; path = System/Library/Frameworks/GLKit.framework; sourceTree = SDKROOT; };
		8026395E1B0E34F9009B42D6 /* OpenGLES.framework */ = {isa = PBXFileReference; lastKnownFileType = wrapper.framework; name = OpenGLES.framework; path = System/Library/Frameworks/OpenGLES.framework; sourceTree = SDKROOT; };
		802639621B0E5279009B42D6 /* RawModel.h */ = {isa = PBXFileReference; fileEncoding = 4; lastKnownFileType = sourcecode.c.h; path = RawModel.h; sourceTree = "<group>"; };
		802639631B0E5279009B42D6 /* RawModel.m */ = {isa = PBXFileReference; fileEncoding = 4; lastKnownFileType = sourcecode.c.objc; path = RawModel.m; sourceTree = "<group>"; };
		802639651B0E535C009B42D6 /* Loader.h */ = {isa = PBXFileReference; fileEncoding = 4; lastKnownFileType = sourcecode.c.h; path = Loader.h; sourceTree = "<group>"; };
		802639661B0E535C009B42D6 /* Loader.mm */ = {isa = PBXFileReference; fileEncoding = 4; lastKnownFileType = sourcecode.cpp.objcpp; path = Loader.mm; sourceTree = "<group>"; };
		802639681B0E5F5C009B42D6 /* EntityRenderer.h */ = {isa = PBXFileReference; fileEncoding = 4; lastKnownFileType = sourcecode.c.h; path = EntityRenderer.h; sourceTree = "<group>"; };
		802639691B0E5F5C009B42D6 /* EntityRenderer.m */ = {isa = PBXFileReference; fileEncoding = 4; lastKnownFileType = sourcecode.c.objc; path = EntityRenderer.m; sourceTree = "<group>"; };
		8026396C1B0E66FC009B42D6 /* FragmentShader.fsh */ = {isa = PBXFileReference; fileEncoding = 4; lastKnownFileType = sourcecode.glsl; path = FragmentShader.fsh; sourceTree = "<group>"; };
		8026396E1B0E670D009B42D6 /* VertexShader.vsh */ = {isa = PBXFileReference; fileEncoding = 4; lastKnownFileType = sourcecode.glsl; path = VertexShader.vsh; sourceTree = "<group>"; };
		802639701B0E7069009B42D6 /* ShaderProgram.h */ = {isa = PBXFileReference; fileEncoding = 4; lastKnownFileType = sourcecode.c.h; path = ShaderProgram.h; sourceTree = "<group>"; };
		802639711B0E7069009B42D6 /* ShaderProgram.m */ = {isa = PBXFileReference; fileEncoding = 4; lastKnownFileType = sourcecode.c.objc; path = ShaderProgram.m; sourceTree = "<group>"; };
		802639731B0E77B4009B42D6 /* StaticShaderProgram.h */ = {isa = PBXFileReference; fileEncoding = 4; lastKnownFileType = sourcecode.c.h; path = StaticShaderProgram.h; sourceTree = "<group>"; };
		802639741B0E77B4009B42D6 /* StaticShaderProgram.m */ = {isa = PBXFileReference; fileEncoding = 4; lastKnownFileType = sourcecode.c.objc; path = StaticShaderProgram.m; sourceTree = "<group>"; };
		806778E51B18D2930082AF0B /* Buffer.h */ = {isa = PBXFileReference; fileEncoding = 4; lastKnownFileType = sourcecode.c.h; path = Buffer.h; sourceTree = "<group>"; };
		806778E61B18D2930082AF0B /* Buffer.mm */ = {isa = PBXFileReference; fileEncoding = 4; lastKnownFileType = sourcecode.cpp.objcpp; path = Buffer.mm; sourceTree = "<group>"; };
		806778E91B18ED7E0082AF0B /* ModelTexture.h */ = {isa = PBXFileReference; fileEncoding = 4; lastKnownFileType = sourcecode.c.h; path = ModelTexture.h; sourceTree = "<group>"; };
		806778EA1B18ED7E0082AF0B /* ModelTexture.m */ = {isa = PBXFileReference; fileEncoding = 4; lastKnownFileType = sourcecode.c.objc; path = ModelTexture.m; sourceTree = "<group>"; };
		806778ED1B18EE1D0082AF0B /* TexturedModel.h */ = {isa = PBXFileReference; fileEncoding = 4; lastKnownFileType = sourcecode.c.h; path = TexturedModel.h; sourceTree = "<group>"; };
		806778EE1B18EE1D0082AF0B /* TexturedModel.m */ = {isa = PBXFileReference; fileEncoding = 4; lastKnownFileType = sourcecode.c.objc; path = TexturedModel.m; sourceTree = "<group>"; };
		80B72DA01B33328700394A80 /* OBJLoader2.h */ = {isa = PBXFileReference; fileEncoding = 4; lastKnownFileType = sourcecode.c.h; path = OBJLoader2.h; sourceTree = "<group>"; };
		80B72DA11B33328700394A80 /* OBJLoader2.mm */ = {isa = PBXFileReference; fileEncoding = 4; lastKnownFileType = sourcecode.cpp.objcpp; path = OBJLoader2.mm; sourceTree = "<group>"; };
		80E38B7C1B1B819A006D7B30 /* dragon.obj */ = {isa = PBXFileReference; fileEncoding = 4; lastKnownFileType = text; path = dragon.obj; sourceTree = "<group>"; };
		80E38B7E1B1B9893006D7B30 /* white.png */ = {isa = PBXFileReference; lastKnownFileType = image.png; path = white.png; sourceTree = "<group>"; };
		80FFE41A1B19EBAD008DE7DB /* MathUtils.m */ = {isa = PBXFileReference; fileEncoding = 4; lastKnownFileType = sourcecode.c.objc; path = MathUtils.m; sourceTree = "<group>"; };
		80FFE41B1B19EBAD008DE7DB /* MathUtils.h */ = {isa = PBXFileReference; fileEncoding = 4; lastKnownFileType = sourcecode.c.h; path = MathUtils.h; sourceTree = "<group>"; };
		80FFE41E1B19EF82008DE7DB /* Entity.h */ = {isa = PBXFileReference; fileEncoding = 4; lastKnownFileType = sourcecode.c.h; path = Entity.h; sourceTree = "<group>"; };
		80FFE41F1B19EF82008DE7DB /* Entity.m */ = {isa = PBXFileReference; fileEncoding = 4; lastKnownFileType = sourcecode.c.objc; path = Entity.m; sourceTree = "<group>"; };
		80FFE4211B1A1361008DE7DB /* Camera.h */ = {isa = PBXFileReference; fileEncoding = 4; lastKnownFileType = sourcecode.c.h; path = Camera.h; sourceTree = "<group>"; };
		80FFE4221B1A1361008DE7DB /* Camera.m */ = {isa = PBXFileReference; fileEncoding = 4; lastKnownFileType = sourcecode.c.objc; path = Camera.m; sourceTree = "<group>"; };
		80FFE4241B1A2BFA008DE7DB /* OBJLoader.h */ = {isa = PBXFileReference; fileEncoding = 4; lastKnownFileType = sourcecode.c.h; path = OBJLoader.h; sourceTree = "<group>"; };
		80FFE4251B1A2BFA008DE7DB /* OBJLoader.mm */ = {isa = PBXFileReference; fileEncoding = 4; lastKnownFileType = sourcecode.cpp.objcpp; path = OBJLoader.mm; sourceTree = "<group>"; };
		80FFE4271B1A2C0B008DE7DB /* stall.obj */ = {isa = PBXFileReference; fileEncoding = 4; lastKnownFileType = text; path = stall.obj; sourceTree = "<group>"; };
		80FFE4281B1A2C0B008DE7DB /* stallTexture.png */ = {isa = PBXFileReference; lastKnownFileType = image.png; path = stallTexture.png; sourceTree = "<group>"; };
		80FFE42B1B1A615E008DE7DB /* Light.h */ = {isa = PBXFileReference; fileEncoding = 4; lastKnownFileType = sourcecode.c.h; path = Light.h; sourceTree = "<group>"; };
		80FFE42C1B1A615E008DE7DB /* Light.m */ = {isa = PBXFileReference; fileEncoding = 4; lastKnownFileType = sourcecode.c.objc; path = Light.m; sourceTree = "<group>"; };
/* End PBXFileReference section */

/* Begin PBXFrameworksBuildPhase section */
		4800F4D81B6BA3BB009D801A /* Frameworks */ = {
			isa = PBXFrameworksBuildPhase;
			buildActionMask = 2147483647;
			files = (
			);
			runOnlyForDeploymentPostprocessing = 0;
		};
		4800F4ED1B6BA3BB009D801A /* Frameworks */ = {
			isa = PBXFrameworksBuildPhase;
			buildActionMask = 2147483647;
			files = (
			);
			runOnlyForDeploymentPostprocessing = 0;
		};
		802639301B0E34D2009B42D6 /* Frameworks */ = {
			isa = PBXFrameworksBuildPhase;
			buildActionMask = 2147483647;
			files = (
				8026395F1B0E34F9009B42D6 /* GLKit.framework in Frameworks */,
				802639601B0E34F9009B42D6 /* OpenGLES.framework in Frameworks */,
			);
			runOnlyForDeploymentPostprocessing = 0;
		};
		802639491B0E34D3009B42D6 /* Frameworks */ = {
			isa = PBXFrameworksBuildPhase;
			buildActionMask = 2147483647;
			files = (
			);
			runOnlyForDeploymentPostprocessing = 0;
		};
/* End PBXFrameworksBuildPhase section */

/* Begin PBXGroup section */
		4800F4DC1B6BA3BB009D801A /* GLGameEngine Mac */ = {
			isa = PBXGroup;
			children = (
				4800F4DD1B6BA3BB009D801A /* AppDelegate.h */,
				4800F4DE1B6BA3BB009D801A /* AppDelegate.m */,
				4800F4E31B6BA3BB009D801A /* ViewController.h */,
				4800F4E41B6BA3BB009D801A /* ViewController.m */,
				4800F4FD1B6BA9EF009D801A /* GameView.h */,
				4800F4FE1B6BA9EF009D801A /* GameView.m */,
				4800F4E61B6BA3BB009D801A /* Assets.xcassets */,
				4800F4E81B6BA3BB009D801A /* Main.storyboard */,
				4800F4EB1B6BA3BB009D801A /* Info.plist */,
				4800F4E01B6BA3BB009D801A /* Supporting Files */,
			);
			path = "GLGameEngine Mac";
			sourceTree = "<group>";
		};
		4800F4E01B6BA3BB009D801A /* Supporting Files */ = {
			isa = PBXGroup;
			children = (
				4800F4E11B6BA3BB009D801A /* main.m */,
			);
			name = "Supporting Files";
			sourceTree = "<group>";
		};
		4800F4F31B6BA3BB009D801A /* GLGameEngine MacTests */ = {
			isa = PBXGroup;
			children = (
				4800F4F41B6BA3BB009D801A /* GLGameEngine_MacTests.m */,
				4800F4F61B6BA3BB009D801A /* Info.plist */,
			);
			path = "GLGameEngine MacTests";
			sourceTree = "<group>";
		};
		4828F8EF1B87BF28006D93CD /* Rendering */ = {
			isa = PBXGroup;
			children = (
				802639681B0E5F5C009B42D6 /* EntityRenderer.h */,
				802639691B0E5F5C009B42D6 /* EntityRenderer.m */,
				4816CEDB1BC5663800F35C2E /* TerrainRenderer.h */,
				4816CEDC1BC5663800F35C2E /* TerrainRenderer.m */,
				4828F8F01B87BF45006D93CD /* MasterRenderer.h */,
				4828F8F11B87BF45006D93CD /* MasterRenderer.m */,
			);
			name = Rendering;
			sourceTree = "<group>";
		};
		483D4F0A1BC53F7500587983 /* Terrain */ = {
			isa = PBXGroup;
			children = (
				483D4F0B1BC53FA800587983 /* Terrain.h */,
				483D4F0C1BC53FA800587983 /* Terrain.mm */,
			);
			name = Terrain;
			sourceTree = "<group>";
		};
		4888EAD21BDFBBE7006EF15E /* ground */ = {
			isa = PBXGroup;
			children = (
				4816CEE01BC56D1900F35C2E /* grass.jpg */,
				4888EAD31BDFBC02006EF15E /* blendMap.png */,
				4888EAD41BDFBC02006EF15E /* mud.png */,
				4888EAD51BDFBC02006EF15E /* path.png */,
				4888EADF1BDFD0DB006EF15E /* grassFlowers.png */,
				4888EAE31BE01E9A006EF15E /* asphalt.jpg */,
			);
			name = ground;
			sourceTree = "<group>";
		};
		4898DAAF1BDCE849007D2695 /* wagen */ = {
			isa = PBXGroup;
			children = (
				4898DAB01BDCE852007D2695 /* wagen.obj */,
				4898DAB11BDCE852007D2695 /* wagen.jpg */,
			);
			name = wagen;
			sourceTree = "<group>";
		};
		4898DAB41BDD08B5007D2695 /* tree */ = {
			isa = PBXGroup;
			children = (
				4898DAB51BDD08C2007D2695 /* tree.obj */,
				4898DAC21BDD0FA3007D2695 /* tree.png */,
				4898DAB91BDD0B75007D2695 /* lowPolyTree.obj */,
				4898DABA1BDD0B75007D2695 /* lowPolyTree.png */,
				4888EAE51BE01FAB006EF15E /* pine.obj */,
				4888EAE61BE01FAB006EF15E /* pine.png */,
			);
			name = tree;
			sourceTree = "<group>";
		};
		4898DABD1BDD0D94007D2695 /* grass */ = {
			isa = PBXGroup;
			children = (
				48F688321BE3BDEA00F9A868 /* grass2.obj */,
				4898DAC61BDD3A4E007D2695 /* grassModel.obj */,
				4898DAC41BDD11CA007D2695 /* grassTexture.png */,
			);
			name = grass;
			sourceTree = "<group>";
		};
		4898DACA1BDD3E8A007D2695 /* fern */ = {
			isa = PBXGroup;
			children = (
				4898DACB1BDD3E94007D2695 /* fern.obj */,
				4898DACC1BDD3E94007D2695 /* fern.png */,
				48F6883C1BE41D5A00F9A868 /* fernAtlas.png */,
			);
			name = fern;
			sourceTree = "<group>";
		};
		4898DAD31BDD77CB007D2695 /* stall */ = {
			isa = PBXGroup;
			children = (
				80FFE4271B1A2C0B008DE7DB /* stall.obj */,
				80FFE4281B1A2C0B008DE7DB /* stallTexture.png */,
			);
			name = stall;
			sourceTree = "<group>";
		};
		48DB0F0E1BDC1EAE003C52DC /* rock */ = {
			isa = PBXGroup;
			children = (
				48DB0F0F1BDC1EC4003C52DC /* Rock.jpg */,
				48DB0F101BDC1EC4003C52DC /* Rock.mtl */,
				48DB0F111BDC1EC4003C52DC /* Rock.obj */,
			);
			name = rock;
			sourceTree = "<group>";
		};
		48DB0F151BDC2086003C52DC /* farm */ = {
			isa = PBXGroup;
			children = (
				4898DAAD1BDCDBC4007D2695 /* Farmhouse.obj */,
				48DB0F181BDC208F003C52DC /* Farmhouse Texture Bump Map .jpg */,
				48DB0F191BDC208F003C52DC /* Farmhouse.jpg */,
			);
			name = farm;
			sourceTree = "<group>";
		};
		8026392A1B0E34D2009B42D6 = {
			isa = PBXGroup;
			children = (
				802639351B0E34D3009B42D6 /* GLGameEngine */,
				8026394F1B0E34D3009B42D6 /* GLGameEngineTests */,
				4800F4DC1B6BA3BB009D801A /* GLGameEngine Mac */,
				4800F4F31B6BA3BB009D801A /* GLGameEngine MacTests */,
				8026395C1B0E34E7009B42D6 /* Frameworks */,
				802639341B0E34D3009B42D6 /* Products */,
			);
			sourceTree = "<group>";
		};
		802639341B0E34D3009B42D6 /* Products */ = {
			isa = PBXGroup;
			children = (
				802639331B0E34D3009B42D6 /* GLGameEngine.app */,
				8026394C1B0E34D3009B42D6 /* GLGameEngineTests.xctest */,
				4800F4DB1B6BA3BB009D801A /* GLGameEngine Mac.app */,
				4800F4F01B6BA3BB009D801A /* GLGameEngine MacTests.xctest */,
			);
			name = Products;
			sourceTree = "<group>";
		};
		802639351B0E34D3009B42D6 /* GLGameEngine */ = {
			isa = PBXGroup;
			children = (
				8026393A1B0E34D3009B42D6 /* AppDelegate.h */,
				8026393B1B0E34D3009B42D6 /* AppDelegate.m */,
				8026393D1B0E34D3009B42D6 /* ViewController.h */,
				8026393E1B0E34D3009B42D6 /* ViewController.m */,
				802639611B0E5269009B42D6 /* Game */,
				802639401B0E34D3009B42D6 /* Main.storyboard */,
				802639431B0E34D3009B42D6 /* Images.xcassets */,
				802639451B0E34D3009B42D6 /* LaunchScreen.xib */,
				802639361B0E34D3009B42D6 /* Supporting Files */,
			);
			path = GLGameEngine;
			sourceTree = "<group>";
		};
		802639361B0E34D3009B42D6 /* Supporting Files */ = {
			isa = PBXGroup;
			children = (
				802639371B0E34D3009B42D6 /* Info.plist */,
				802639381B0E34D3009B42D6 /* main.m */,
				80E38B7C1B1B819A006D7B30 /* dragon.obj */,
				4889F24E1BC42AAB0097A28F /* cube.obj */,
				80E38B7E1B1B9893006D7B30 /* white.png */,
				4898DAC81BDD3A9D007D2695 /* flower.png */,
				48F688361BE3F9EF00F9A868 /* heightmap.png */,
				48F688381BE40CD800F9A868 /* heightmap_high.jpg */,
				48F688391BE40CD800F9A868 /* heightmap_low.png */,
				4888EAD21BDFBBE7006EF15E /* ground */,
				4898DAD31BDD77CB007D2695 /* stall */,
				4898DACA1BDD3E8A007D2695 /* fern */,
				4898DABD1BDD0D94007D2695 /* grass */,
				4898DAB41BDD08B5007D2695 /* tree */,
				4898DAAF1BDCE849007D2695 /* wagen */,
				48DB0F151BDC2086003C52DC /* farm */,
				48DB0F0E1BDC1EAE003C52DC /* rock */,
			);
			name = "Supporting Files";
			sourceTree = "<group>";
		};
		8026394F1B0E34D3009B42D6 /* GLGameEngineTests */ = {
			isa = PBXGroup;
			children = (
				802639521B0E34D3009B42D6 /* GLGameEngineTests.m */,
				802639501B0E34D3009B42D6 /* Supporting Files */,
			);
			path = GLGameEngineTests;
			sourceTree = "<group>";
		};
		802639501B0E34D3009B42D6 /* Supporting Files */ = {
			isa = PBXGroup;
			children = (
				802639511B0E34D3009B42D6 /* Info.plist */,
			);
			name = "Supporting Files";
			sourceTree = "<group>";
		};
		8026395C1B0E34E7009B42D6 /* Frameworks */ = {
			isa = PBXGroup;
			children = (
				8026395D1B0E34F9009B42D6 /* GLKit.framework */,
				8026395E1B0E34F9009B42D6 /* OpenGLES.framework */,
			);
			name = Frameworks;
			sourceTree = "<group>";
		};
		802639611B0E5269009B42D6 /* Game */ = {
			isa = PBXGroup;
			children = (
				802639651B0E535C009B42D6 /* Loader.h */,
				802639661B0E535C009B42D6 /* Loader.mm */,
				80FFE4241B1A2BFA008DE7DB /* OBJLoader.h */,
				80FFE4251B1A2BFA008DE7DB /* OBJLoader.mm */,
				80B72DA01B33328700394A80 /* OBJLoader2.h */,
				80B72DA11B33328700394A80 /* OBJLoader2.mm */,
				4828F8EF1B87BF28006D93CD /* Rendering */,
				80FFE41D1B19EF73008DE7DB /* Entities */,
				483D4F0A1BC53F7500587983 /* Terrain */,
				806778EC1B18EE0B0082AF0B /* Models */,
				806778E81B18ED690082AF0B /* Textures */,
				806778E11B18D2590082AF0B /* Buffer */,
				8026396B1B0E66D6009B42D6 /* Shaders / Programs */,
				80FFE4191B19EB6F008DE7DB /* Utils */,
			);
			name = Game;
			sourceTree = "<group>";
		};
		8026396B1B0E66D6009B42D6 /* Shaders / Programs */ = {
			isa = PBXGroup;
			children = (
				8026396C1B0E66FC009B42D6 /* FragmentShader.fsh */,
				8026396E1B0E670D009B42D6 /* VertexShader.vsh */,
				4816CED21BC5650A00F35C2E /* TerrainFragmentShader.fsh */,
				4816CECE1BC564E800F35C2E /* TerrainVertexShader.vsh */,
				802639701B0E7069009B42D6 /* ShaderProgram.h */,
				802639711B0E7069009B42D6 /* ShaderProgram.m */,
				802639731B0E77B4009B42D6 /* StaticShaderProgram.h */,
				802639741B0E77B4009B42D6 /* StaticShaderProgram.m */,
				4816CED61BC5655800F35C2E /* TerrainShader.h */,
				4816CED71BC5655800F35C2E /* TerrainShader.m */,
			);
			name = "Shaders / Programs";
			sourceTree = "<group>";
		};
		806778E11B18D2590082AF0B /* Buffer */ = {
			isa = PBXGroup;
			children = (
				806778E51B18D2930082AF0B /* Buffer.h */,
				806778E61B18D2930082AF0B /* Buffer.mm */,
			);
			name = Buffer;
			sourceTree = "<group>";
		};
		806778E81B18ED690082AF0B /* Textures */ = {
			isa = PBXGroup;
			children = (
				806778E91B18ED7E0082AF0B /* ModelTexture.h */,
				806778EA1B18ED7E0082AF0B /* ModelTexture.m */,
				4888EAD91BDFC74B006EF15E /* TerrainTexture.h */,
				4888EADA1BDFC74B006EF15E /* TerrainTexture.m */,
				4888EADC1BDFC7F0006EF15E /* TerrainTexturePackage.h */,
				4888EADD1BDFC7F0006EF15E /* TerrainTexturePackage.m */,
			);
			name = Textures;
			sourceTree = "<group>";
		};
		806778EC1B18EE0B0082AF0B /* Models */ = {
			isa = PBXGroup;
			children = (
				802639621B0E5279009B42D6 /* RawModel.h */,
				802639631B0E5279009B42D6 /* RawModel.m */,
				806778ED1B18EE1D0082AF0B /* TexturedModel.h */,
				806778EE1B18EE1D0082AF0B /* TexturedModel.m */,
			);
			name = Models;
			sourceTree = "<group>";
		};
		80FFE4191B19EB6F008DE7DB /* Utils */ = {
			isa = PBXGroup;
			children = (
				80FFE41B1B19EBAD008DE7DB /* MathUtils.h */,
				80FFE41A1B19EBAD008DE7DB /* MathUtils.m */,
				48B856C71B8B9BD500336A43 /* GLKView+aspect.h */,
				48B856C81B8B9BD500336A43 /* GLKView+aspect.m */,
			);
			name = Utils;
			sourceTree = "<group>";
		};
		80FFE41D1B19EF73008DE7DB /* Entities */ = {
			isa = PBXGroup;
			children = (
				80FFE41E1B19EF82008DE7DB /* Entity.h */,
				80FFE41F1B19EF82008DE7DB /* Entity.m */,
				80FFE4211B1A1361008DE7DB /* Camera.h */,
				80FFE4221B1A1361008DE7DB /* Camera.m */,
				80FFE42B1B1A615E008DE7DB /* Light.h */,
				80FFE42C1B1A615E008DE7DB /* Light.m */,
			);
			name = Entities;
			sourceTree = "<group>";
		};
/* End PBXGroup section */

/* Begin PBXNativeTarget section */
		4800F4DA1B6BA3BB009D801A /* GLGameEngine Mac */ = {
			isa = PBXNativeTarget;
			buildConfigurationList = 4800F4FB1B6BA3BB009D801A /* Build configuration list for PBXNativeTarget "GLGameEngine Mac" */;
			buildPhases = (
				4800F4D71B6BA3BB009D801A /* Sources */,
				4800F4D81B6BA3BB009D801A /* Frameworks */,
				4800F4D91B6BA3BB009D801A /* Resources */,
			);
			buildRules = (
			);
			dependencies = (
			);
			name = "GLGameEngine Mac";
			productName = "GLGameEngine Mac";
			productReference = 4800F4DB1B6BA3BB009D801A /* GLGameEngine Mac.app */;
			productType = "com.apple.product-type.application";
		};
		4800F4EF1B6BA3BB009D801A /* GLGameEngine MacTests */ = {
			isa = PBXNativeTarget;
			buildConfigurationList = 4800F4FC1B6BA3BB009D801A /* Build configuration list for PBXNativeTarget "GLGameEngine MacTests" */;
			buildPhases = (
				4800F4EC1B6BA3BB009D801A /* Sources */,
				4800F4ED1B6BA3BB009D801A /* Frameworks */,
				4800F4EE1B6BA3BB009D801A /* Resources */,
			);
			buildRules = (
			);
			dependencies = (
				4800F4F21B6BA3BB009D801A /* PBXTargetDependency */,
			);
			name = "GLGameEngine MacTests";
			productName = "GLGameEngine MacTests";
			productReference = 4800F4F01B6BA3BB009D801A /* GLGameEngine MacTests.xctest */;
			productType = "com.apple.product-type.bundle.unit-test";
		};
		802639321B0E34D2009B42D6 /* GLGameEngine */ = {
			isa = PBXNativeTarget;
			buildConfigurationList = 802639561B0E34D3009B42D6 /* Build configuration list for PBXNativeTarget "GLGameEngine" */;
			buildPhases = (
				8026392F1B0E34D2009B42D6 /* Sources */,
				802639301B0E34D2009B42D6 /* Frameworks */,
				802639311B0E34D2009B42D6 /* Resources */,
			);
			buildRules = (
			);
			dependencies = (
			);
			name = GLGameEngine;
			productName = GLGameEngine;
			productReference = 802639331B0E34D3009B42D6 /* GLGameEngine.app */;
			productType = "com.apple.product-type.application";
		};
		8026394B1B0E34D3009B42D6 /* GLGameEngineTests */ = {
			isa = PBXNativeTarget;
			buildConfigurationList = 802639591B0E34D3009B42D6 /* Build configuration list for PBXNativeTarget "GLGameEngineTests" */;
			buildPhases = (
				802639481B0E34D3009B42D6 /* Sources */,
				802639491B0E34D3009B42D6 /* Frameworks */,
				8026394A1B0E34D3009B42D6 /* Resources */,
			);
			buildRules = (
			);
			dependencies = (
				8026394E1B0E34D3009B42D6 /* PBXTargetDependency */,
			);
			name = GLGameEngineTests;
			productName = GLGameEngineTests;
			productReference = 8026394C1B0E34D3009B42D6 /* GLGameEngineTests.xctest */;
			productType = "com.apple.product-type.bundle.unit-test";
		};
/* End PBXNativeTarget section */

/* Begin PBXProject section */
		8026392B1B0E34D2009B42D6 /* Project object */ = {
			isa = PBXProject;
			attributes = {
				LastUpgradeCheck = 0700;
				ORGANIZATIONNAME = "Lukas Bischof";
				TargetAttributes = {
					4800F4DA1B6BA3BB009D801A = {
						CreatedOnToolsVersion = 7.0;
					};
					4800F4EF1B6BA3BB009D801A = {
						CreatedOnToolsVersion = 7.0;
						TestTargetID = 4800F4DA1B6BA3BB009D801A;
					};
					802639321B0E34D2009B42D6 = {
						CreatedOnToolsVersion = 6.3;
						DevelopmentTeam = G4ANT58PJV;
					};
					8026394B1B0E34D3009B42D6 = {
						CreatedOnToolsVersion = 6.3;
						TestTargetID = 802639321B0E34D2009B42D6;
					};
				};
			};
			buildConfigurationList = 8026392E1B0E34D2009B42D6 /* Build configuration list for PBXProject "GLGameEngine" */;
			compatibilityVersion = "Xcode 3.2";
			developmentRegion = English;
			hasScannedForEncodings = 0;
			knownRegions = (
				en,
				Base,
			);
			mainGroup = 8026392A1B0E34D2009B42D6;
			productRefGroup = 802639341B0E34D3009B42D6 /* Products */;
			projectDirPath = "";
			projectRoot = "";
			targets = (
				802639321B0E34D2009B42D6 /* GLGameEngine */,
				8026394B1B0E34D3009B42D6 /* GLGameEngineTests */,
				4800F4DA1B6BA3BB009D801A /* GLGameEngine Mac */,
				4800F4EF1B6BA3BB009D801A /* GLGameEngine MacTests */,
			);
		};
/* End PBXProject section */

/* Begin PBXResourcesBuildPhase section */
		4800F4D91B6BA3BB009D801A /* Resources */ = {
			isa = PBXResourcesBuildPhase;
			buildActionMask = 2147483647;
			files = (
				4816CED11BC564E800F35C2E /* TerrainVertexShader.vsh in Resources */,
				4889F2501BC42AAB0097A28F /* cube.obj in Resources */,
				4816CEE31BC56D1900F35C2E /* grass.jpg in Resources */,
				4800F4E71B6BA3BB009D801A /* Assets.xcassets in Resources */,
				4800F4EA1B6BA3BB009D801A /* Main.storyboard in Resources */,
				4816CED51BC5650A00F35C2E /* TerrainFragmentShader.fsh in Resources */,
			);
			runOnlyForDeploymentPostprocessing = 0;
		};
		4800F4EE1B6BA3BB009D801A /* Resources */ = {
			isa = PBXResourcesBuildPhase;
			buildActionMask = 2147483647;
			files = (
			);
			runOnlyForDeploymentPostprocessing = 0;
		};
		802639311B0E34D2009B42D6 /* Resources */ = {
			isa = PBXResourcesBuildPhase;
			buildActionMask = 2147483647;
			files = (
				4888EAD71BDFBC02006EF15E /* mud.png in Resources */,
				4898DAC71BDD3A4E007D2695 /* grassModel.obj in Resources */,
				4888EAD81BDFBC02006EF15E /* path.png in Resources */,
				48F688331BE3BDEA00F9A868 /* grass2.obj in Resources */,
				80FFE4291B1A2C0B008DE7DB /* stall.obj in Resources */,
				48DB0F1D1BDC208F003C52DC /* Farmhouse.jpg in Resources */,
				4898DAB71BDD08C2007D2695 /* tree.obj in Resources */,
				48F6883B1BE40CD800F9A868 /* heightmap_low.png in Resources */,
				4898DAC91BDD3A9D007D2695 /* flower.png in Resources */,
				4898DAC31BDD0FA3007D2695 /* tree.png in Resources */,
				48F688371BE3F9F000F9A868 /* heightmap.png in Resources */,
				4898DACD1BDD3E94007D2695 /* fern.obj in Resources */,
				4898DACE1BDD3E94007D2695 /* fern.png in Resources */,
				8026396D1B0E66FC009B42D6 /* FragmentShader.fsh in Resources */,
				48DB0F131BDC1EC4003C52DC /* Rock.mtl in Resources */,
				48DB0F1C1BDC208F003C52DC /* Farmhouse Texture Bump Map .jpg in Resources */,
				48DB0F141BDC1EC4003C52DC /* Rock.obj in Resources */,
				4898DAB31BDCE852007D2695 /* wagen.jpg in Resources */,
				4898DABC1BDD0B75007D2695 /* lowPolyTree.png in Resources */,
				4898DAAE1BDCDBC4007D2695 /* Farmhouse.obj in Resources */,
				8026396F1B0E670D009B42D6 /* VertexShader.vsh in Resources */,
				4898DABB1BDD0B75007D2695 /* lowPolyTree.obj in Resources */,
				4888EAE01BDFD0DB006EF15E /* grassFlowers.png in Resources */,
				4816CEE11BC56D1900F35C2E /* grass.jpg in Resources */,
				48F6883A1BE40CD800F9A868 /* heightmap_high.jpg in Resources */,
				4816CECF1BC564E800F35C2E /* TerrainVertexShader.vsh in Resources */,
				80FFE42A1B1A2C0B008DE7DB /* stallTexture.png in Resources */,
				4889F24F1BC42AAB0097A28F /* cube.obj in Resources */,
				4816CED31BC5650A00F35C2E /* TerrainFragmentShader.fsh in Resources */,
				4888EAD61BDFBC02006EF15E /* blendMap.png in Resources */,
				48F6883D1BE41D5A00F9A868 /* fernAtlas.png in Resources */,
				80E38B7F1B1B9893006D7B30 /* white.png in Resources */,
				802639421B0E34D3009B42D6 /* Main.storyboard in Resources */,
				4898DAB21BDCE852007D2695 /* wagen.obj in Resources */,
				4888EAE81BE01FAB006EF15E /* pine.png in Resources */,
				48DB0F121BDC1EC4003C52DC /* Rock.jpg in Resources */,
				4898DAC51BDD11CA007D2695 /* grassTexture.png in Resources */,
				80E38B7D1B1B819A006D7B30 /* dragon.obj in Resources */,
				802639471B0E34D3009B42D6 /* LaunchScreen.xib in Resources */,
				4888EAE71BE01FAB006EF15E /* pine.obj in Resources */,
				802639441B0E34D3009B42D6 /* Images.xcassets in Resources */,
				4888EAE41BE01E9A006EF15E /* asphalt.jpg in Resources */,
			);
			runOnlyForDeploymentPostprocessing = 0;
		};
		8026394A1B0E34D3009B42D6 /* Resources */ = {
			isa = PBXResourcesBuildPhase;
			buildActionMask = 2147483647;
			files = (
				4816CED41BC5650A00F35C2E /* TerrainFragmentShader.fsh in Resources */,
				4816CED01BC564E800F35C2E /* TerrainVertexShader.vsh in Resources */,
				4816CEE21BC56D1900F35C2E /* grass.jpg in Resources */,
			);
			runOnlyForDeploymentPostprocessing = 0;
		};
/* End PBXResourcesBuildPhase section */

/* Begin PBXSourcesBuildPhase section */
		4800F4D71B6BA3BB009D801A /* Sources */ = {
			isa = PBXSourcesBuildPhase;
			buildActionMask = 2147483647;
			files = (
				4816CEDF1BC5663800F35C2E /* TerrainRenderer.m in Sources */,
				4800F4E51B6BA3BB009D801A /* ViewController.m in Sources */,
				4816CEDA1BC5655800F35C2E /* TerrainShader.m in Sources */,
				4800F4E21B6BA3BB009D801A /* main.m in Sources */,
				4800F4FF1B6BA9EF009D801A /* GameView.m in Sources */,
				4800F4DF1B6BA3BB009D801A /* AppDelegate.m in Sources */,
				4828F8F31B87BF45006D93CD /* MasterRenderer.m in Sources */,
			);
			runOnlyForDeploymentPostprocessing = 0;
		};
		4800F4EC1B6BA3BB009D801A /* Sources */ = {
			isa = PBXSourcesBuildPhase;
			buildActionMask = 2147483647;
			files = (
				4800F4F51B6BA3BB009D801A /* GLGameEngine_MacTests.m in Sources */,
			);
			runOnlyForDeploymentPostprocessing = 0;
		};
		8026392F1B0E34D2009B42D6 /* Sources */ = {
			isa = PBXSourcesBuildPhase;
			buildActionMask = 2147483647;
			files = (
				4888EADB1BDFC74B006EF15E /* TerrainTexture.m in Sources */,
				80FFE4231B1A1361008DE7DB /* Camera.m in Sources */,
				80FFE4261B1A2BFA008DE7DB /* OBJLoader.mm in Sources */,
				802639641B0E5279009B42D6 /* RawModel.m in Sources */,
				4888EADE1BDFC7F0006EF15E /* TerrainTexturePackage.m in Sources */,
				48B856C91B8B9BD500336A43 /* GLKView+aspect.m in Sources */,
				8026393F1B0E34D3009B42D6 /* ViewController.m in Sources */,
				483D4F0D1BC53FA800587983 /* Terrain.mm in Sources */,
				806778EF1B18EE1D0082AF0B /* TexturedModel.m in Sources */,
				80FFE4201B19EF82008DE7DB /* Entity.m in Sources */,
				4816CEDD1BC5663800F35C2E /* TerrainRenderer.m in Sources */,
				8026396A1B0E5F5C009B42D6 /* EntityRenderer.m in Sources */,
				802639721B0E7069009B42D6 /* ShaderProgram.m in Sources */,
				8026393C1B0E34D3009B42D6 /* AppDelegate.m in Sources */,
				802639391B0E34D3009B42D6 /* main.m in Sources */,
				80FFE42D1B1A615E008DE7DB /* Light.m in Sources */,
				80B72DA21B33328700394A80 /* OBJLoader2.mm in Sources */,
				802639671B0E535C009B42D6 /* Loader.mm in Sources */,
				4816CED81BC5655800F35C2E /* TerrainShader.m in Sources */,
				806778EB1B18ED7E0082AF0B /* ModelTexture.m in Sources */,
				806778E71B18D2930082AF0B /* Buffer.mm in Sources */,
				802639751B0E77B4009B42D6 /* StaticShaderProgram.m in Sources */,
				4828F8F21B87BF45006D93CD /* MasterRenderer.m in Sources */,
				80FFE41C1B19EBAD008DE7DB /* MathUtils.m in Sources */,
			);
			runOnlyForDeploymentPostprocessing = 0;
		};
		802639481B0E34D3009B42D6 /* Sources */ = {
			isa = PBXSourcesBuildPhase;
			buildActionMask = 2147483647;
			files = (
				4816CED91BC5655800F35C2E /* TerrainShader.m in Sources */,
				802639531B0E34D3009B42D6 /* GLGameEngineTests.m in Sources */,
				4816CEDE1BC5663800F35C2E /* TerrainRenderer.m in Sources */,
			);
			runOnlyForDeploymentPostprocessing = 0;
		};
/* End PBXSourcesBuildPhase section */

/* Begin PBXTargetDependency section */
		4800F4F21B6BA3BB009D801A /* PBXTargetDependency */ = {
			isa = PBXTargetDependency;
			target = 4800F4DA1B6BA3BB009D801A /* GLGameEngine Mac */;
			targetProxy = 4800F4F11B6BA3BB009D801A /* PBXContainerItemProxy */;
		};
		8026394E1B0E34D3009B42D6 /* PBXTargetDependency */ = {
			isa = PBXTargetDependency;
			target = 802639321B0E34D2009B42D6 /* GLGameEngine */;
			targetProxy = 8026394D1B0E34D3009B42D6 /* PBXContainerItemProxy */;
		};
/* End PBXTargetDependency section */

/* Begin PBXVariantGroup section */
		4800F4E81B6BA3BB009D801A /* Main.storyboard */ = {
			isa = PBXVariantGroup;
			children = (
				4800F4E91B6BA3BB009D801A /* Base */,
			);
			name = Main.storyboard;
			sourceTree = "<group>";
		};
		802639401B0E34D3009B42D6 /* Main.storyboard */ = {
			isa = PBXVariantGroup;
			children = (
				802639411B0E34D3009B42D6 /* Base */,
			);
			name = Main.storyboard;
			sourceTree = "<group>";
		};
		802639451B0E34D3009B42D6 /* LaunchScreen.xib */ = {
			isa = PBXVariantGroup;
			children = (
				802639461B0E34D3009B42D6 /* Base */,
			);
			name = LaunchScreen.xib;
			sourceTree = "<group>";
		};
/* End PBXVariantGroup section */

/* Begin XCBuildConfiguration section */
		4800F4F71B6BA3BB009D801A /* Debug */ = {
			isa = XCBuildConfiguration;
			buildSettings = {
				ASSETCATALOG_COMPILER_APPICON_NAME = AppIcon;
				CODE_SIGN_IDENTITY = "-";
				COMBINE_HIDPI_IMAGES = YES;
				DEBUG_INFORMATION_FORMAT = dwarf;
				INFOPLIST_FILE = "GLGameEngine Mac/Info.plist";
				LD_RUNPATH_SEARCH_PATHS = "$(inherited) @executable_path/../Frameworks";
				MACOSX_DEPLOYMENT_TARGET = 10.11;
				PRODUCT_BUNDLE_IDENTIFIER = "de.pf-control.aseider.GLGameEngine-Mac";
				PRODUCT_NAME = "$(TARGET_NAME)";
				SDKROOT = macosx;
			};
			name = Debug;
		};
		4800F4F81B6BA3BB009D801A /* Release */ = {
			isa = XCBuildConfiguration;
			buildSettings = {
				ASSETCATALOG_COMPILER_APPICON_NAME = AppIcon;
				CODE_SIGN_IDENTITY = "-";
				COMBINE_HIDPI_IMAGES = YES;
				INFOPLIST_FILE = "GLGameEngine Mac/Info.plist";
				LD_RUNPATH_SEARCH_PATHS = "$(inherited) @executable_path/../Frameworks";
				MACOSX_DEPLOYMENT_TARGET = 10.11;
				PRODUCT_BUNDLE_IDENTIFIER = "de.pf-control.aseider.GLGameEngine-Mac";
				PRODUCT_NAME = "$(TARGET_NAME)";
				SDKROOT = macosx;
			};
			name = Release;
		};
		4800F4F91B6BA3BB009D801A /* Debug */ = {
			isa = XCBuildConfiguration;
			buildSettings = {
				BUNDLE_LOADER = "$(TEST_HOST)";
				COMBINE_HIDPI_IMAGES = YES;
				DEBUG_INFORMATION_FORMAT = dwarf;
				INFOPLIST_FILE = "GLGameEngine MacTests/Info.plist";
				LD_RUNPATH_SEARCH_PATHS = "$(inherited) @executable_path/../Frameworks @loader_path/../Frameworks";
				MACOSX_DEPLOYMENT_TARGET = 10.11;
				PRODUCT_BUNDLE_IDENTIFIER = "de.pf-control.aseider.GLGameEngine-MacTests";
				PRODUCT_NAME = "$(TARGET_NAME)";
				SDKROOT = macosx;
				TEST_HOST = "$(BUILT_PRODUCTS_DIR)/GLGameEngine Mac.app/Contents/MacOS/GLGameEngine Mac";
			};
			name = Debug;
		};
		4800F4FA1B6BA3BB009D801A /* Release */ = {
			isa = XCBuildConfiguration;
			buildSettings = {
				BUNDLE_LOADER = "$(TEST_HOST)";
				COMBINE_HIDPI_IMAGES = YES;
				INFOPLIST_FILE = "GLGameEngine MacTests/Info.plist";
				LD_RUNPATH_SEARCH_PATHS = "$(inherited) @executable_path/../Frameworks @loader_path/../Frameworks";
				MACOSX_DEPLOYMENT_TARGET = 10.11;
				PRODUCT_BUNDLE_IDENTIFIER = "de.pf-control.aseider.GLGameEngine-MacTests";
				PRODUCT_NAME = "$(TARGET_NAME)";
				SDKROOT = macosx;
				TEST_HOST = "$(BUILT_PRODUCTS_DIR)/GLGameEngine Mac.app/Contents/MacOS/GLGameEngine Mac";
			};
			name = Release;
		};
		802639541B0E34D3009B42D6 /* Debug */ = {
			isa = XCBuildConfiguration;
			buildSettings = {
				ALWAYS_SEARCH_USER_PATHS = NO;
				CLANG_CXX_LANGUAGE_STANDARD = "gnu++0x";
				CLANG_CXX_LIBRARY = "libc++";
				CLANG_ENABLE_MODULES = YES;
				CLANG_ENABLE_OBJC_ARC = YES;
				CLANG_WARN_BOOL_CONVERSION = YES;
				CLANG_WARN_CONSTANT_CONVERSION = YES;
				CLANG_WARN_DIRECT_OBJC_ISA_USAGE = YES_ERROR;
				CLANG_WARN_EMPTY_BODY = YES;
				CLANG_WARN_ENUM_CONVERSION = YES;
				CLANG_WARN_INT_CONVERSION = YES;
				CLANG_WARN_OBJC_ROOT_CLASS = YES_ERROR;
				CLANG_WARN_UNREACHABLE_CODE = YES;
				CLANG_WARN__DUPLICATE_METHOD_MATCH = YES;
				"CODE_SIGN_IDENTITY[sdk=iphoneos*]" = "iPhone Developer";
				COPY_PHASE_STRIP = NO;
				DEBUG_INFORMATION_FORMAT = "dwarf-with-dsym";
				ENABLE_STRICT_OBJC_MSGSEND = YES;
				ENABLE_TESTABILITY = YES;
				GCC_C_LANGUAGE_STANDARD = gnu99;
				GCC_DYNAMIC_NO_PIC = NO;
				GCC_NO_COMMON_BLOCKS = YES;
				GCC_OPTIMIZATION_LEVEL = 0;
				GCC_PREPROCESSOR_DEFINITIONS = (
					"DEBUG=1",
					"$(inherited)",
				);
				GCC_SYMBOLS_PRIVATE_EXTERN = NO;
				GCC_WARN_64_TO_32_BIT_CONVERSION = YES;
				GCC_WARN_ABOUT_RETURN_TYPE = YES_ERROR;
				GCC_WARN_UNDECLARED_SELECTOR = YES;
				GCC_WARN_UNINITIALIZED_AUTOS = YES_AGGRESSIVE;
				GCC_WARN_UNUSED_FUNCTION = YES;
				GCC_WARN_UNUSED_VARIABLE = YES;
				IPHONEOS_DEPLOYMENT_TARGET = 8.0;
				MTL_ENABLE_DEBUG_INFO = YES;
				ONLY_ACTIVE_ARCH = YES;
				SDKROOT = iphoneos;
				TARGETED_DEVICE_FAMILY = "1,2";
			};
			name = Debug;
		};
		802639551B0E34D3009B42D6 /* Release */ = {
			isa = XCBuildConfiguration;
			buildSettings = {
				ALWAYS_SEARCH_USER_PATHS = NO;
				CLANG_CXX_LANGUAGE_STANDARD = "gnu++0x";
				CLANG_CXX_LIBRARY = "libc++";
				CLANG_ENABLE_MODULES = YES;
				CLANG_ENABLE_OBJC_ARC = YES;
				CLANG_WARN_BOOL_CONVERSION = YES;
				CLANG_WARN_CONSTANT_CONVERSION = YES;
				CLANG_WARN_DIRECT_OBJC_ISA_USAGE = YES_ERROR;
				CLANG_WARN_EMPTY_BODY = YES;
				CLANG_WARN_ENUM_CONVERSION = YES;
				CLANG_WARN_INT_CONVERSION = YES;
				CLANG_WARN_OBJC_ROOT_CLASS = YES_ERROR;
				CLANG_WARN_UNREACHABLE_CODE = YES;
				CLANG_WARN__DUPLICATE_METHOD_MATCH = YES;
				"CODE_SIGN_IDENTITY[sdk=iphoneos*]" = "iPhone Developer";
				COPY_PHASE_STRIP = NO;
				DEBUG_INFORMATION_FORMAT = "dwarf-with-dsym";
				ENABLE_NS_ASSERTIONS = NO;
				ENABLE_STRICT_OBJC_MSGSEND = YES;
				GCC_C_LANGUAGE_STANDARD = gnu99;
				GCC_NO_COMMON_BLOCKS = YES;
				GCC_WARN_64_TO_32_BIT_CONVERSION = YES;
				GCC_WARN_ABOUT_RETURN_TYPE = YES_ERROR;
				GCC_WARN_UNDECLARED_SELECTOR = YES;
				GCC_WARN_UNINITIALIZED_AUTOS = YES_AGGRESSIVE;
				GCC_WARN_UNUSED_FUNCTION = YES;
				GCC_WARN_UNUSED_VARIABLE = YES;
				IPHONEOS_DEPLOYMENT_TARGET = 8.0;
				MTL_ENABLE_DEBUG_INFO = NO;
				SDKROOT = iphoneos;
				TARGETED_DEVICE_FAMILY = "1,2";
				VALIDATE_PRODUCT = YES;
			};
			name = Release;
		};
		802639571B0E34D3009B42D6 /* Debug */ = {
			isa = XCBuildConfiguration;
			buildSettings = {
				ASSETCATALOG_COMPILER_APPICON_NAME = AppIcon;
				CODE_SIGN_IDENTITY = "iPhone Developer";
				"CODE_SIGN_IDENTITY[sdk=iphoneos*]" = "iPhone Developer";
				INFOPLIST_FILE = GLGameEngine/Info.plist;
				IPHONEOS_DEPLOYMENT_TARGET = 8.0;
				LD_RUNPATH_SEARCH_PATHS = "$(inherited) @executable_path/Frameworks";
				PRODUCT_BUNDLE_IDENTIFIER = "de.pf-control.aseider.$(PRODUCT_NAME:rfc1034identifier)";
				PRODUCT_NAME = "$(TARGET_NAME)";
				PROVISIONING_PROFILE = "";
			};
			name = Debug;
		};
		802639581B0E34D3009B42D6 /* Release */ = {
			isa = XCBuildConfiguration;
			buildSettings = {
				ASSETCATALOG_COMPILER_APPICON_NAME = AppIcon;
				CODE_SIGN_IDENTITY = "iPhone Developer";
				"CODE_SIGN_IDENTITY[sdk=iphoneos*]" = "iPhone Developer";
				INFOPLIST_FILE = GLGameEngine/Info.plist;
				IPHONEOS_DEPLOYMENT_TARGET = 8.0;
				LD_RUNPATH_SEARCH_PATHS = "$(inherited) @executable_path/Frameworks";
				PRODUCT_BUNDLE_IDENTIFIER = "de.pf-control.aseider.$(PRODUCT_NAME:rfc1034identifier)";
				PRODUCT_NAME = "$(TARGET_NAME)";
				PROVISIONING_PROFILE = "";
			};
			name = Release;
		};
		8026395A1B0E34D3009B42D6 /* Debug */ = {
			isa = XCBuildConfiguration;
			buildSettings = {
				BUNDLE_LOADER = "$(TEST_HOST)";
				FRAMEWORK_SEARCH_PATHS = (
					"$(SDKROOT)/Developer/Library/Frameworks",
					"$(inherited)",
				);
				GCC_PREPROCESSOR_DEFINITIONS = (
					"DEBUG=1",
					"$(inherited)",
				);
				INFOPLIST_FILE = GLGameEngineTests/Info.plist;
				LD_RUNPATH_SEARCH_PATHS = "$(inherited) @executable_path/Frameworks @loader_path/Frameworks";
				PRODUCT_BUNDLE_IDENTIFIER = "de.pf-control.aseider.$(PRODUCT_NAME:rfc1034identifier)";
				PRODUCT_NAME = "$(TARGET_NAME)";
				TEST_HOST = "$(BUILT_PRODUCTS_DIR)/GLGameEngine.app/GLGameEngine";
			};
			name = Debug;
		};
		8026395B1B0E34D3009B42D6 /* Release */ = {
			isa = XCBuildConfiguration;
			buildSettings = {
				BUNDLE_LOADER = "$(TEST_HOST)";
				FRAMEWORK_SEARCH_PATHS = (
					"$(SDKROOT)/Developer/Library/Frameworks",
					"$(inherited)",
				);
				INFOPLIST_FILE = GLGameEngineTests/Info.plist;
				LD_RUNPATH_SEARCH_PATHS = "$(inherited) @executable_path/Frameworks @loader_path/Frameworks";
				PRODUCT_BUNDLE_IDENTIFIER = "de.pf-control.aseider.$(PRODUCT_NAME:rfc1034identifier)";
				PRODUCT_NAME = "$(TARGET_NAME)";
				TEST_HOST = "$(BUILT_PRODUCTS_DIR)/GLGameEngine.app/GLGameEngine";
			};
			name = Release;
		};
/* End XCBuildConfiguration section */

/* Begin XCConfigurationList section */
		4800F4FB1B6BA3BB009D801A /* Build configuration list for PBXNativeTarget "GLGameEngine Mac" */ = {
			isa = XCConfigurationList;
			buildConfigurations = (
				4800F4F71B6BA3BB009D801A /* Debug */,
				4800F4F81B6BA3BB009D801A /* Release */,
			);
			defaultConfigurationIsVisible = 0;
			defaultConfigurationName = Release;
		};
		4800F4FC1B6BA3BB009D801A /* Build configuration list for PBXNativeTarget "GLGameEngine MacTests" */ = {
			isa = XCConfigurationList;
			buildConfigurations = (
				4800F4F91B6BA3BB009D801A /* Debug */,
				4800F4FA1B6BA3BB009D801A /* Release */,
			);
			defaultConfigurationIsVisible = 0;
			defaultConfigurationName = Release;
		};
		8026392E1B0E34D2009B42D6 /* Build configuration list for PBXProject "GLGameEngine" */ = {
			isa = XCConfigurationList;
			buildConfigurations = (
				802639541B0E34D3009B42D6 /* Debug */,
				802639551B0E34D3009B42D6 /* Release */,
			);
			defaultConfigurationIsVisible = 0;
			defaultConfigurationName = Release;
		};
		802639561B0E34D3009B42D6 /* Build configuration list for PBXNativeTarget "GLGameEngine" */ = {
			isa = XCConfigurationList;
			buildConfigurations = (
				802639571B0E34D3009B42D6 /* Debug */,
				802639581B0E34D3009B42D6 /* Release */,
			);
			defaultConfigurationIsVisible = 0;
			defaultConfigurationName = Release;
		};
		802639591B0E34D3009B42D6 /* Build configuration list for PBXNativeTarget "GLGameEngineTests" */ = {
			isa = XCConfigurationList;
			buildConfigurations = (
				8026395A1B0E34D3009B42D6 /* Debug */,
				8026395B1B0E34D3009B42D6 /* Release */,
			);
			defaultConfigurationIsVisible = 0;
			defaultConfigurationName = Release;
		};
/* End XCConfigurationList section */
	};
	rootObject = 8026392B1B0E34D2009B42D6 /* Project object */;
}
